
Microsoft Visual Studio Solution File, Format Version 12.00
Project("{FAE04EC0-301F-11D3-BF4B-00C04F79EFBC}") = "Database", "Database\Database.csproj", "{E073D9A7-A199-4AE9-AEC1-3442F5895DD6}"
EndProject
Project("{FAE04EC0-301F-11D3-BF4B-00C04F79EFBC}") = "Domain", "Domain\Domain.csproj", "{590CBFFC-0954-44BE-B01E-FB14A6EF473D}"
EndProject
Project("{FAE04EC0-301F-11D3-BF4B-00C04F79EFBC}") = "Api", "Api\Api.csproj", "{DC44F593-CB3E-4749-9223-C39F7B252360}"
EndProject
Global
	GlobalSection(SolutionConfigurationPlatforms) = preSolution
		Debug|Any CPU = Debug|Any CPU
		Release|Any CPU = Release|Any CPU
	EndGlobalSection
	GlobalSection(ProjectConfigurationPlatforms) = postSolution
		{E073D9A7-A199-4AE9-AEC1-3442F5895DD6}.Debug|Any CPU.ActiveCfg = Debug|Any CPU
		{E073D9A7-A199-4AE9-AEC1-3442F5895DD6}.Debug|Any CPU.Build.0 = Debug|Any CPU
		{E073D9A7-A199-4AE9-AEC1-3442F5895DD6}.Release|Any CPU.ActiveCfg = Release|Any CPU
		{E073D9A7-A199-4AE9-AEC1-3442F5895DD6}.Release|Any CPU.Build.0 = Release|Any CPU
		{590CBFFC-0954-44BE-B01E-FB14A6EF473D}.Debug|Any CPU.ActiveCfg = Debug|Any CPU
		{590CBFFC-0954-44BE-B01E-FB14A6EF473D}.Debug|Any CPU.Build.0 = Debug|Any CPU
		{590CBFFC-0954-44BE-B01E-FB14A6EF473D}.Release|Any CPU.ActiveCfg = Release|Any CPU
		{590CBFFC-0954-44BE-B01E-FB14A6EF473D}.Release|Any CPU.Build.0 = Release|Any CPU
		{DC44F593-CB3E-4749-9223-C39F7B252360}.Debug|Any CPU.ActiveCfg = Debug|Any CPU
		{DC44F593-CB3E-4749-9223-C39F7B252360}.Debug|Any CPU.Build.0 = Debug|Any CPU
		{DC44F593-CB3E-4749-9223-C39F7B252360}.Release|Any CPU.ActiveCfg = Release|Any CPU
		{DC44F593-CB3E-4749-9223-C39F7B252360}.Release|Any CPU.Build.0 = Release|Any CPU
	EndGlobalSection
EndGlobal
